
Microsoft Visual Studio Solution File, Format Version 12.00
# Visual Studio Version 16
VisualStudioVersion = 16.0.30011.22
MinimumVisualStudioVersion = 10.0.40219.1
Project("{FAE04EC0-301F-11D3-BF4B-00C04F79EFBC}") = "calcul", "calcul\calcul.csproj", "{C3C592AF-8740-4FEB-A83E-78975101D439}"
EndProject
Project("{FAE04EC0-301F-11D3-BF4B-00C04F79EFBC}") = "lib1", "lib1\lib1.csproj", "{6F0921B9-FA23-4384-AF0C-5065EB32BE88}"
EndProject
Global
	GlobalSection(SolutionConfigurationPlatforms) = preSolution
		Debug|Any CPU = Debug|Any CPU
		Release|Any CPU = Release|Any CPU
	EndGlobalSection
	GlobalSection(ProjectConfigurationPlatforms) = postSolution
		{C3C592AF-8740-4FEB-A83E-78975101D439}.Debug|Any CPU.ActiveCfg = Debug|Any CPU
		{C3C592AF-8740-4FEB-A83E-78975101D439}.Debug|Any CPU.Build.0 = Debug|Any CPU
		{C3C592AF-8740-4FEB-A83E-78975101D439}.Release|Any CPU.ActiveCfg = Release|Any CPU
		{C3C592AF-8740-4FEB-A83E-78975101D439}.Release|Any CPU.Build.0 = Release|Any CPU
		{6F0921B9-FA23-4384-AF0C-5065EB32BE88}.Debug|Any CPU.ActiveCfg = Debug|Any CPU
		{6F0921B9-FA23-4384-AF0C-5065EB32BE88}.Debug|Any CPU.Build.0 = Debug|Any CPU
		{6F0921B9-FA23-4384-AF0C-5065EB32BE88}.Release|Any CPU.ActiveCfg = Release|Any CPU
		{6F0921B9-FA23-4384-AF0C-5065EB32BE88}.Release|Any CPU.Build.0 = Release|Any CPU
	EndGlobalSection
	GlobalSection(SolutionProperties) = preSolution
		HideSolutionNode = FALSE
	EndGlobalSection
	GlobalSection(ExtensibilityGlobals) = postSolution
		SolutionGuid = {10771F74-A356-4670-81E6-3A83BCB68FAC}
	EndGlobalSection
EndGlobal
